
Microsoft Visual Studio Solution File, Format Version 12.00
# Visual Studio 15
VisualStudioVersion = 15.0.28307.645
MinimumVisualStudioVersion = 10.0.40219.1
Project("{FAE04EC0-301F-11D3-BF4B-00C04F79EFBC}") = "W1-1-RectangleDemo", "W1-1-RectangleDemo\W1-1-RectangleDemo.csproj", "{7EF98FD7-E1C7-4917-B554-96E6DE180F50}"
EndProject
Project("{FAE04EC0-301F-11D3-BF4B-00C04F79EFBC}") = "W1-2-CarDemo", "W1-2-CarDemo\W1-2-CarDemo.csproj", "{0CBED820-FB58-4C8D-8CF0-86A12369AA40}"
EndProject
Project("{FAE04EC0-301F-11D3-BF4B-00C04F79EFBC}") = "W1-3-DateDemo", "W1-3-DateDemo\W1-3-DateDemo.csproj", "{2CCBB7E4-663C-4516-8B1E-546046F378F4}"
EndProject
Project("{FAE04EC0-301F-11D3-BF4B-00C04F79EFBC}") = "W1-4-PetDemo", "W1-4-PetDemo\W1-4-PetDemo.csproj", "{18741380-1D72-4E15-9170-524B3F74AE53}"
EndProject
Project("{FAE04EC0-301F-11D3-BF4B-00C04F79EFBC}") = "W1-5-Lab1RectangleDemo", "W1-5-Lab1RectangleDemo\W1-5-Lab1RectangleDemo.csproj", "{7AB70279-4163-445D-903A-CBC9F505A529}"
EndProject
Project("{FAE04EC0-301F-11D3-BF4B-00C04F79EFBC}") = "W1-6-Lab2CarDemo", "W1-6-Lab2CarDemo\W1-6-Lab2CarDemo.csproj", "{0A027F8F-8A98-4152-AB44-FB9D158BBDE9}"
EndProject
Project("{FAE04EC0-301F-11D3-BF4B-00C04F79EFBC}") = "W1-7-Lab3DateDemo", "W1-7-Lab3DateDemo\W1-7-Lab3DateDemo.csproj", "{4A061591-38F6-480B-9597-9E38D8A91AD7}"
EndProject
Project("{FAE04EC0-301F-11D3-BF4B-00C04F79EFBC}") = "W2-1-FileIODemo", "W2-1-FileIODemo\W2-1-FileIODemo.csproj", "{68F65E99-2C4D-4105-8C7D-BCCE6A5C0D5D}"
EndProject
Project("{FAE04EC0-301F-11D3-BF4B-00C04F79EFBC}") = "W2-2-ListDemo", "W2-2-ListDemo\W2-2-ListDemo.csproj", "{5B6B5331-840E-4890-B6A6-0D882540CDBF}"
EndProject
Project("{FAE04EC0-301F-11D3-BF4B-00C04F79EFBC}") = "301041266-RafaelAguiar-Test_Tutor_b", "301041266-RafaelAguiar-Test_Tutor_b\301041266-RafaelAguiar-Test_Tutor_b\301041266-RafaelAguiar-Test_Tutor_b.csproj", "{8EC74DE3-E685-4F5E-B159-8A6FA5DE03E1}"
EndProject
Project("{FAE04EC0-301F-11D3-BF4B-00C04F79EFBC}") = "W7-1-IDE-Demo", "W7-1-IDE-Demo\W7-1-IDE-Demo.csproj", "{AAC7DEA7-BBBE-4FF5-A275-E0BF5806444F}"
EndProject
Project("{FAE04EC0-301F-11D3-BF4B-00C04F79EFBC}") = "W2-4-PetDemo2", "PetDemo2\W2-4-PetDemo2.csproj", "{678BBD35-8255-4FA0-93D7-B15676A71232}"
EndProject
Project("{FAE04EC0-301F-11D3-BF4B-00C04F79EFBC}") = "W2-3-Medal", "Medal\W2-3-Medal.csproj", "{42F3582B-2C3F-4337-A0CA-8E726363EAF4}"
EndProject
Project("{FAE04EC0-301F-11D3-BF4B-00C04F79EFBC}") = "W3-1-Assignment1", "Assignment1\W3-1-Assignment1.csproj", "{1AA3C2D5-DDC4-46C1-B58D-F31D5CA9829B}"
EndProject
Project("{FAE04EC0-301F-11D3-BF4B-00C04F79EFBC}") = "W4-4-Assignment2Tweet", "Assignment2Tweet\W4-4-Assignment2Tweet.csproj", "{801EEF20-556F-42B8-ABE2-08F34B6D0D59}"
EndProject
Project("{FAE04EC0-301F-11D3-BF4B-00C04F79EFBC}") = "W4-1-CarDemo", "CarDemo\W4-1-CarDemo.csproj", "{6110A918-2FDC-4C50-AC4A-C27A34AF7563}"
EndProject
Project("{9A19103F-16F7-4668-BE54-9A1E7A4F7556}") = "W5-3-COMP123_Assign-02", "Comp123_Assignment02\Comp123_Assignment02\Comp123_Assignment02\W5-3-COMP123_Assign-02.csproj", "{554F13B3-8D29-4FAC-86F3-79579CD1CCCE}"
EndProject
Project("{FAE04EC0-301F-11D3-BF4B-00C04F79EFBC}") = "W5-4-COMP123_Assign-03", "COMP123_Assignment03\COMP123_Assignment03\COMP123_Assignment03\W5-4-COMP123_Assign-03.csproj", "{51E43426-9783-438E-B8C4-D71E22DAA877}"
EndProject
Project("{FAE04EC0-301F-11D3-BF4B-00C04F79EFBC}") = "W4-2-ComplexClassDemo", "ComplexClassDemo\W4-2-ComplexClassDemo.csproj", "{F157C8DB-DB1E-4480-BA58-4F24FA47395E}"
EndProject
Project("{FAE04EC0-301F-11D3-BF4B-00C04F79EFBC}") = "W3-2-EnumDemo", "EnumDemo\W3-2-EnumDemo.csproj", "{3E9460AA-58AD-46AE-AD08-418F3EB794FA}"
EndProject
Project("{FAE04EC0-301F-11D3-BF4B-00C04F79EFBC}") = "W3-3-Lab09_Song", "Lab09_Song\W3-3-Lab09_Song.csproj", "{3FB741B1-5F3B-482E-BCDB-4A8B12C5F577}"
EndProject
Project("{FAE04EC0-301F-11D3-BF4B-00C04F79EFBC}") = "W5-2-PolymorphismDemo", "PolymorphismDemo\W5-2-PolymorphismDemo.csproj", "{3B28D683-B9A6-4C48-9B66-4344AB64AC39}"
EndProject
Project("{FAE04EC0-301F-11D3-BF4B-00C04F79EFBC}") = "W4-3-PrintingMachine", "PrintingMachine\W4-3-PrintingMachine.csproj", "{745B67AF-CE69-4AC6-9D82-9FC8E1084965}"
EndProject
Project("{FAE04EC0-301F-11D3-BF4B-00C04F79EFBC}") = "W3-4-SerializationDemo", "SerializationDemo\W3-4-SerializationDemo.csproj", "{1DF3880B-5A99-4F75-84D0-762FBB408A78}"
EndProject
Project("{FAE04EC0-301F-11D3-BF4B-00C04F79EFBC}") = "W6-1-Shape2D", "Shape2D\W6-1-Shape2D.csproj", "{85BFD38B-41AA-4B71-AA8B-B8FAF9E01A15}"
EndProject
Project("{FAE04EC0-301F-11D3-BF4B-00C04F79EFBC}") = "W3-5-TimeDemo", "TimeDemo\W3-5-TimeDemo.csproj", "{621E35AA-70EF-4EC4-9F10-DC5888B12165}"
EndProject
Project("{FAE04EC0-301F-11D3-BF4B-00C04F79EFBC}") = "W5-1-InheritanceDemo", "Week05\W5-1-InheritanceDemo.csproj", "{A3345D68-558E-46BC-89D6-68B229EB83CA}"
EndProject
Global
	GlobalSection(SolutionConfigurationPlatforms) = preSolution
		Debug|Any CPU = Debug|Any CPU
		Release|Any CPU = Release|Any CPU
	EndGlobalSection
	GlobalSection(ProjectConfigurationPlatforms) = postSolution
		{7EF98FD7-E1C7-4917-B554-96E6DE180F50}.Debug|Any CPU.ActiveCfg = Debug|Any CPU
		{7EF98FD7-E1C7-4917-B554-96E6DE180F50}.Debug|Any CPU.Build.0 = Debug|Any CPU
		{7EF98FD7-E1C7-4917-B554-96E6DE180F50}.Release|Any CPU.ActiveCfg = Release|Any CPU
		{7EF98FD7-E1C7-4917-B554-96E6DE180F50}.Release|Any CPU.Build.0 = Release|Any CPU
		{0CBED820-FB58-4C8D-8CF0-86A12369AA40}.Debug|Any CPU.ActiveCfg = Debug|Any CPU
		{0CBED820-FB58-4C8D-8CF0-86A12369AA40}.Debug|Any CPU.Build.0 = Debug|Any CPU
		{0CBED820-FB58-4C8D-8CF0-86A12369AA40}.Release|Any CPU.ActiveCfg = Release|Any CPU
		{0CBED820-FB58-4C8D-8CF0-86A12369AA40}.Release|Any CPU.Build.0 = Release|Any CPU
		{2CCBB7E4-663C-4516-8B1E-546046F378F4}.Debug|Any CPU.ActiveCfg = Debug|Any CPU
		{2CCBB7E4-663C-4516-8B1E-546046F378F4}.Debug|Any CPU.Build.0 = Debug|Any CPU
		{2CCBB7E4-663C-4516-8B1E-546046F378F4}.Release|Any CPU.ActiveCfg = Release|Any CPU
		{2CCBB7E4-663C-4516-8B1E-546046F378F4}.Release|Any CPU.Build.0 = Release|Any CPU
		{18741380-1D72-4E15-9170-524B3F74AE53}.Debug|Any CPU.ActiveCfg = Debug|Any CPU
		{18741380-1D72-4E15-9170-524B3F74AE53}.Debug|Any CPU.Build.0 = Debug|Any CPU
		{18741380-1D72-4E15-9170-524B3F74AE53}.Release|Any CPU.ActiveCfg = Release|Any CPU
		{18741380-1D72-4E15-9170-524B3F74AE53}.Release|Any CPU.Build.0 = Release|Any CPU
		{7AB70279-4163-445D-903A-CBC9F505A529}.Debug|Any CPU.ActiveCfg = Debug|Any CPU
		{7AB70279-4163-445D-903A-CBC9F505A529}.Debug|Any CPU.Build.0 = Debug|Any CPU
		{7AB70279-4163-445D-903A-CBC9F505A529}.Release|Any CPU.ActiveCfg = Release|Any CPU
		{7AB70279-4163-445D-903A-CBC9F505A529}.Release|Any CPU.Build.0 = Release|Any CPU
		{0A027F8F-8A98-4152-AB44-FB9D158BBDE9}.Debug|Any CPU.ActiveCfg = Debug|Any CPU
		{0A027F8F-8A98-4152-AB44-FB9D158BBDE9}.Debug|Any CPU.Build.0 = Debug|Any CPU
		{0A027F8F-8A98-4152-AB44-FB9D158BBDE9}.Release|Any CPU.ActiveCfg = Release|Any CPU
		{0A027F8F-8A98-4152-AB44-FB9D158BBDE9}.Release|Any CPU.Build.0 = Release|Any CPU
		{4A061591-38F6-480B-9597-9E38D8A91AD7}.Debug|Any CPU.ActiveCfg = Debug|Any CPU
		{4A061591-38F6-480B-9597-9E38D8A91AD7}.Debug|Any CPU.Build.0 = Debug|Any CPU
		{4A061591-38F6-480B-9597-9E38D8A91AD7}.Release|Any CPU.ActiveCfg = Release|Any CPU
		{4A061591-38F6-480B-9597-9E38D8A91AD7}.Release|Any CPU.Build.0 = Release|Any CPU
		{68F65E99-2C4D-4105-8C7D-BCCE6A5C0D5D}.Debug|Any CPU.ActiveCfg = Debug|Any CPU
		{68F65E99-2C4D-4105-8C7D-BCCE6A5C0D5D}.Debug|Any CPU.Build.0 = Debug|Any CPU
		{68F65E99-2C4D-4105-8C7D-BCCE6A5C0D5D}.Release|Any CPU.ActiveCfg = Release|Any CPU
		{68F65E99-2C4D-4105-8C7D-BCCE6A5C0D5D}.Release|Any CPU.Build.0 = Release|Any CPU
		{5B6B5331-840E-4890-B6A6-0D882540CDBF}.Debug|Any CPU.ActiveCfg = Debug|Any CPU
		{5B6B5331-840E-4890-B6A6-0D882540CDBF}.Debug|Any CPU.Build.0 = Debug|Any CPU
		{5B6B5331-840E-4890-B6A6-0D882540CDBF}.Release|Any CPU.ActiveCfg = Release|Any CPU
		{5B6B5331-840E-4890-B6A6-0D882540CDBF}.Release|Any CPU.Build.0 = Release|Any CPU
		{8EC74DE3-E685-4F5E-B159-8A6FA5DE03E1}.Debug|Any CPU.ActiveCfg = Debug|Any CPU
		{8EC74DE3-E685-4F5E-B159-8A6FA5DE03E1}.Debug|Any CPU.Build.0 = Debug|Any CPU
		{8EC74DE3-E685-4F5E-B159-8A6FA5DE03E1}.Release|Any CPU.ActiveCfg = Release|Any CPU
		{8EC74DE3-E685-4F5E-B159-8A6FA5DE03E1}.Release|Any CPU.Build.0 = Release|Any CPU
		{AAC7DEA7-BBBE-4FF5-A275-E0BF5806444F}.Debug|Any CPU.ActiveCfg = Debug|Any CPU
		{AAC7DEA7-BBBE-4FF5-A275-E0BF5806444F}.Debug|Any CPU.Build.0 = Debug|Any CPU
		{AAC7DEA7-BBBE-4FF5-A275-E0BF5806444F}.Release|Any CPU.ActiveCfg = Release|Any CPU
		{AAC7DEA7-BBBE-4FF5-A275-E0BF5806444F}.Release|Any CPU.Build.0 = Release|Any CPU
		{678BBD35-8255-4FA0-93D7-B15676A71232}.Debug|Any CPU.ActiveCfg = Debug|Any CPU
		{678BBD35-8255-4FA0-93D7-B15676A71232}.Debug|Any CPU.Build.0 = Debug|Any CPU
		{678BBD35-8255-4FA0-93D7-B15676A71232}.Release|Any CPU.ActiveCfg = Release|Any CPU
		{678BBD35-8255-4FA0-93D7-B15676A71232}.Release|Any CPU.Build.0 = Release|Any CPU
		{42F3582B-2C3F-4337-A0CA-8E726363EAF4}.Debug|Any CPU.ActiveCfg = Debug|Any CPU
		{42F3582B-2C3F-4337-A0CA-8E726363EAF4}.Debug|Any CPU.Build.0 = Debug|Any CPU
		{42F3582B-2C3F-4337-A0CA-8E726363EAF4}.Release|Any CPU.ActiveCfg = Release|Any CPU
		{42F3582B-2C3F-4337-A0CA-8E726363EAF4}.Release|Any CPU.Build.0 = Release|Any CPU
		{1AA3C2D5-DDC4-46C1-B58D-F31D5CA9829B}.Debug|Any CPU.ActiveCfg = Debug|Any CPU
		{1AA3C2D5-DDC4-46C1-B58D-F31D5CA9829B}.Debug|Any CPU.Build.0 = Debug|Any CPU
		{1AA3C2D5-DDC4-46C1-B58D-F31D5CA9829B}.Release|Any CPU.ActiveCfg = Release|Any CPU
		{1AA3C2D5-DDC4-46C1-B58D-F31D5CA9829B}.Release|Any CPU.Build.0 = Release|Any CPU
		{801EEF20-556F-42B8-ABE2-08F34B6D0D59}.Debug|Any CPU.ActiveCfg = Debug|Any CPU
		{801EEF20-556F-42B8-ABE2-08F34B6D0D59}.Debug|Any CPU.Build.0 = Debug|Any CPU
		{801EEF20-556F-42B8-ABE2-08F34B6D0D59}.Release|Any CPU.ActiveCfg = Release|Any CPU
		{801EEF20-556F-42B8-ABE2-08F34B6D0D59}.Release|Any CPU.Build.0 = Release|Any CPU
		{6110A918-2FDC-4C50-AC4A-C27A34AF7563}.Debug|Any CPU.ActiveCfg = Debug|Any CPU
		{6110A918-2FDC-4C50-AC4A-C27A34AF7563}.Debug|Any CPU.Build.0 = Debug|Any CPU
		{6110A918-2FDC-4C50-AC4A-C27A34AF7563}.Release|Any CPU.ActiveCfg = Release|Any CPU
		{6110A918-2FDC-4C50-AC4A-C27A34AF7563}.Release|Any CPU.Build.0 = Release|Any CPU
		{554F13B3-8D29-4FAC-86F3-79579CD1CCCE}.Debug|Any CPU.ActiveCfg = Debug|Any CPU
		{554F13B3-8D29-4FAC-86F3-79579CD1CCCE}.Debug|Any CPU.Build.0 = Debug|Any CPU
		{554F13B3-8D29-4FAC-86F3-79579CD1CCCE}.Release|Any CPU.ActiveCfg = Release|Any CPU
		{554F13B3-8D29-4FAC-86F3-79579CD1CCCE}.Release|Any CPU.Build.0 = Release|Any CPU
		{51E43426-9783-438E-B8C4-D71E22DAA877}.Debug|Any CPU.ActiveCfg = Debug|Any CPU
		{51E43426-9783-438E-B8C4-D71E22DAA877}.Debug|Any CPU.Build.0 = Debug|Any CPU
		{51E43426-9783-438E-B8C4-D71E22DAA877}.Release|Any CPU.ActiveCfg = Release|Any CPU
		{51E43426-9783-438E-B8C4-D71E22DAA877}.Release|Any CPU.Build.0 = Release|Any CPU
		{F157C8DB-DB1E-4480-BA58-4F24FA47395E}.Debug|Any CPU.ActiveCfg = Debug|Any CPU
		{F157C8DB-DB1E-4480-BA58-4F24FA47395E}.Debug|Any CPU.Build.0 = Debug|Any CPU
		{F157C8DB-DB1E-4480-BA58-4F24FA47395E}.Release|Any CPU.ActiveCfg = Release|Any CPU
		{F157C8DB-DB1E-4480-BA58-4F24FA47395E}.Release|Any CPU.Build.0 = Release|Any CPU
		{3E9460AA-58AD-46AE-AD08-418F3EB794FA}.Debug|Any CPU.ActiveCfg = Debug|Any CPU
		{3E9460AA-58AD-46AE-AD08-418F3EB794FA}.Debug|Any CPU.Build.0 = Debug|Any CPU
		{3E9460AA-58AD-46AE-AD08-418F3EB794FA}.Release|Any CPU.ActiveCfg = Release|Any CPU
		{3E9460AA-58AD-46AE-AD08-418F3EB794FA}.Release|Any CPU.Build.0 = Release|Any CPU
		{3FB741B1-5F3B-482E-BCDB-4A8B12C5F577}.Debug|Any CPU.ActiveCfg = Debug|Any CPU
		{3FB741B1-5F3B-482E-BCDB-4A8B12C5F577}.Debug|Any CPU.Build.0 = Debug|Any CPU
		{3FB741B1-5F3B-482E-BCDB-4A8B12C5F577}.Release|Any CPU.ActiveCfg = Release|Any CPU
		{3FB741B1-5F3B-482E-BCDB-4A8B12C5F577}.Release|Any CPU.Build.0 = Release|Any CPU
		{3B28D683-B9A6-4C48-9B66-4344AB64AC39}.Debug|Any CPU.ActiveCfg = Debug|Any CPU
		{3B28D683-B9A6-4C48-9B66-4344AB64AC39}.Debug|Any CPU.Build.0 = Debug|Any CPU
		{3B28D683-B9A6-4C48-9B66-4344AB64AC39}.Release|Any CPU.ActiveCfg = Release|Any CPU
		{3B28D683-B9A6-4C48-9B66-4344AB64AC39}.Release|Any CPU.Build.0 = Release|Any CPU
		{745B67AF-CE69-4AC6-9D82-9FC8E1084965}.Debug|Any CPU.ActiveCfg = Debug|Any CPU
		{745B67AF-CE69-4AC6-9D82-9FC8E1084965}.Debug|Any CPU.Build.0 = Debug|Any CPU
		{745B67AF-CE69-4AC6-9D82-9FC8E1084965}.Release|Any CPU.ActiveCfg = Release|Any CPU
		{745B67AF-CE69-4AC6-9D82-9FC8E1084965}.Release|Any CPU.Build.0 = Release|Any CPU
		{1DF3880B-5A99-4F75-84D0-762FBB408A78}.Debug|Any CPU.ActiveCfg = Debug|Any CPU
		{1DF3880B-5A99-4F75-84D0-762FBB408A78}.Debug|Any CPU.Build.0 = Debug|Any CPU
		{1DF3880B-5A99-4F75-84D0-762FBB408A78}.Release|Any CPU.ActiveCfg = Release|Any CPU
		{1DF3880B-5A99-4F75-84D0-762FBB408A78}.Release|Any CPU.Build.0 = Release|Any CPU
		{85BFD38B-41AA-4B71-AA8B-B8FAF9E01A15}.Debug|Any CPU.ActiveCfg = Debug|Any CPU
		{85BFD38B-41AA-4B71-AA8B-B8FAF9E01A15}.Debug|Any CPU.Build.0 = Debug|Any CPU
		{85BFD38B-41AA-4B71-AA8B-B8FAF9E01A15}.Release|Any CPU.ActiveCfg = Release|Any CPU
		{85BFD38B-41AA-4B71-AA8B-B8FAF9E01A15}.Release|Any CPU.Build.0 = Release|Any CPU
		{621E35AA-70EF-4EC4-9F10-DC5888B12165}.Debug|Any CPU.ActiveCfg = Debug|Any CPU
		{621E35AA-70EF-4EC4-9F10-DC5888B12165}.Debug|Any CPU.Build.0 = Debug|Any CPU
		{621E35AA-70EF-4EC4-9F10-DC5888B12165}.Release|Any CPU.ActiveCfg = Release|Any CPU
		{621E35AA-70EF-4EC4-9F10-DC5888B12165}.Release|Any CPU.Build.0 = Release|Any CPU
		{A3345D68-558E-46BC-89D6-68B229EB83CA}.Debug|Any CPU.ActiveCfg = Debug|Any CPU
		{A3345D68-558E-46BC-89D6-68B229EB83CA}.Debug|Any CPU.Build.0 = Debug|Any CPU
		{A3345D68-558E-46BC-89D6-68B229EB83CA}.Release|Any CPU.ActiveCfg = Release|Any CPU
		{A3345D68-558E-46BC-89D6-68B229EB83CA}.Release|Any CPU.Build.0 = Release|Any CPU
	EndGlobalSection
	GlobalSection(SolutionProperties) = preSolution
		HideSolutionNode = FALSE
	EndGlobalSection
	GlobalSection(ExtensibilityGlobals) = postSolution
		SolutionGuid = {2E1C7451-A386-4044-9A7E-EB95C9F67BAE}
	EndGlobalSection
EndGlobal
